<?xml version="1.0" encoding="utf-8"?>
<Project ToolsVersion="4.0" xmlns="http://schemas.microsoft.com/developer/msbuild/2003">
  <ItemGroup>
    <Filter Include="Quelldateien">
      <UniqueIdentifier>{4FC737F1-C7A5-4376-A066-2A32D752A2FF}</UniqueIdentifier>
      <Extensions>cpp;c;cc;cxx;def;odl;idl;hpj;bat;asm;asmx</Extensions>
    </Filter>
    <Filter Include="Headerdateien">
      <UniqueIdentifier>{93995380-89BD-4b04-88EB-625FBE52EBFB}</UniqueIdentifier>
      <Extensions>h;hpp;hxx;hm;inl;inc;xsd</Extensions>
    </Filter>
    <Filter Include="Ressourcendateien">
      <UniqueIdentifier>{67DA6AB6-F800-4c08-8B7A-83BB121AAD01}</UniqueIdentifier>
      <Extensions>rc;ico;cur;bmp;dlg;rc2;rct;bin;rgs;gif;jpg;jpeg;jpe;resx;tiff;tif;png;wav;mfcribbon-ms</Extensions>
    </Filter>
  </ItemGroup>
  <ItemGroup>
    <ClCompile Include="main.cpp">
      <Filter>Quelldateien</Filter>
    </ClCompile>
    <ClCompile Include="GNode.cpp">
      <Filter>Quelldateien</Filter>
    </ClCompile>
    <ClCompile Include="Symbol.cpp">
      <Filter>Quelldateien</Filter>
    </ClCompile>
    <ClCompile Include="Parsing.cpp">
      <Filter>Quelldateien</Filter>
    </ClCompile>
    <ClCompile Include="Visualization.cpp">
      <Filter>Quelldateien</Filter>
    </ClCompile>
    <ClCompile Include="integration.cpp">
      <Filter>Quelldateien</Filter>
    </ClCompile>
    <ClCompile Include="Modeling.cpp">
      <Filter>Quelldateien</Filter>
    </ClCompile>
    <ClCompile Include="Global.cpp">
      <Filter>Quelldateien</Filter>
    </ClCompile>
  </ItemGroup>
  <ItemGroup>
    <ClInclude Include="GNode.h">
      <Filter>Headerdateien</Filter>
    </ClInclude>
    <ClInclude Include="Symbol.h">
      <Filter>Headerdateien</Filter>
    </ClInclude>
    <ClInclude Include="Parsing.h">
      <Filter>Headerdateien</Filter>
    </ClInclude>
    <ClInclude Include="Modeling.h">
      <Filter>Headerdateien</Filter>
    </ClInclude>
    <ClInclude Include="Visualization.h">
      <Filter>Headerdateien</Filter>
    </ClInclude>
    <ClInclude Include="Integration.h">
      <Filter>Headerdateien</Filter>
    </ClInclude>
    <ClInclude Include="Global.h">
      <Filter>Headerdateien</Filter>
    </ClInclude>
  </ItemGroup>
  <ItemGroup>
    <None Include="Config.txt">
      <Filter>Ressourcendateien</Filter>
    </None>
    <None Include="Office Building.txt">
      <Filter>Ressourcendateien</Filter>
    </None>
    <None Include="Simple Building.txt">
      <Filter>Ressourcendateien</Filter>
    </None>
    <None Include="freeglut.dll">
      <Filter>Ressourcendateien</Filter>
    </None>
    <None Include="testing.txt">
      <Filter>Ressourcendateien</Filter>
    </None>
  </ItemGroup>
</Project>